
Microsoft Visual Studio Solution File, Format Version 12.00
# Visual Studio Version 17
VisualStudioVersion = 17.10.35013.160
MinimumVisualStudioVersion = 10.0.40219.1
Project("{FAE04EC0-301F-11D3-BF4B-00C04F79EFBC}") = "CRUD_Demo1", "CRUD_Demo1.csproj", "{1A28471E-9132-4329-9EDE-D85FA0EE3634}"
EndProject
Global
	GlobalSection(SolutionConfigurationPlatforms) = preSolution
		Debug|Any CPU = Debug|Any CPU
		Release|Any CPU = Release|Any CPU
	EndGlobalSection
	GlobalSection(ProjectConfigurationPlatforms) = postSolution
		{1A28471E-9132-4329-9EDE-D85FA0EE3634}.Debug|Any CPU.ActiveCfg = Debug|Any CPU
		{1A28471E-9132-4329-9EDE-D85FA0EE3634}.Debug|Any CPU.Build.0 = Debug|Any CPU
		{1A28471E-9132-4329-9EDE-D85FA0EE3634}.Release|Any CPU.ActiveCfg = Release|Any CPU
		{1A28471E-9132-4329-9EDE-D85FA0EE3634}.Release|Any CPU.Build.0 = Release|Any CPU
	EndGlobalSection
	GlobalSection(SolutionProperties) = preSolution
		HideSolutionNode = FALSE
	EndGlobalSection
	GlobalSection(ExtensibilityGlobals) = postSolution
		SolutionGuid = {B0C3C824-03DF-4C91-ACE0-39F5D9BBE34A}
	EndGlobalSection
EndGlobal
